
Microsoft Visual Studio Solution File, Format Version 12.00
# Visual Studio Version 17
VisualStudioVersion = 17.4.33213.308
MinimumVisualStudioVersion = 10.0.40219.1
Project("{FAE04EC0-301F-11D3-BF4B-00C04F79EFBC}") = "ejercicio4", "ejercicio4.csproj", "{80AF3A8C-A6EF-4227-96C8-C5D9B5565D8E}"
EndProject
Global
	GlobalSection(SolutionConfigurationPlatforms) = preSolution
		Debug|Any CPU = Debug|Any CPU
		Release|Any CPU = Release|Any CPU
	EndGlobalSection
	GlobalSection(ProjectConfigurationPlatforms) = postSolution
		{80AF3A8C-A6EF-4227-96C8-C5D9B5565D8E}.Debug|Any CPU.ActiveCfg = Debug|Any CPU
		{80AF3A8C-A6EF-4227-96C8-C5D9B5565D8E}.Debug|Any CPU.Build.0 = Debug|Any CPU
		{80AF3A8C-A6EF-4227-96C8-C5D9B5565D8E}.Release|Any CPU.ActiveCfg = Release|Any CPU
		{80AF3A8C-A6EF-4227-96C8-C5D9B5565D8E}.Release|Any CPU.Build.0 = Release|Any CPU
	EndGlobalSection
	GlobalSection(SolutionProperties) = preSolution
		HideSolutionNode = FALSE
	EndGlobalSection
	GlobalSection(ExtensibilityGlobals) = postSolution
		SolutionGuid = {D313939B-9FEF-44E7-A0E2-BA4583077F27}
	EndGlobalSection
EndGlobal
